PODS:
  - lottie-ios (4.5.0)
  - SDWebImage (5.20.0):
    - SDWebImage/Core (= 5.20.0)
  - SDWebImage/Core (5.20.0)
  - SDWebImageSwiftUI (2.2.7):
    - SDWebImage (~> 5.10)

DEPENDENCIES:
  - lottie-ios
  - SDWebImageSwiftUI (~> 2.0)

SPEC REPOS:
  trunk:
    - lottie-ios
    - SDWebImage
    - SDWebImageSwiftUI

SPEC CHECKSUMS:
  lottie-ios: a881093fab623c467d3bce374367755c272bdd59
  SDWebImage: 73c6079366fea25fa4bb9640d5fb58f0893facd8
  SDWebImageSwiftUI: 65a2c8b4b0d9577f2e11556cb163cc4613b9ee54

PODFILE CHECKSUM: 8b2e0737f91733d8f6570f51c55bcfa5b9cb2364

COCOAPODS: 1.16.2
